
Microsoft Visual Studio Solution File, Format Version 12.00
# Visual Studio Version 18
VisualStudioVersion = 18.2.11415.280
MinimumVisualStudioVersion = 10.0.40219.1
Project("{2150E333-8FDC-42A3-9474-1A3956D46DE8}") = "Services", "Services", "{FEDA8E3C-A4B9-4DF8-94E0-29DB25317E22}"
EndProject
Project("{2150E333-8FDC-42A3-9474-1A3956D46DE8}") = "Catalog", "Catalog", "{5C0FE53C-558D-4330-8BBF-B2C19DDB0CAC}"
EndProject
Project("{FAE04EC0-301F-11D3-BF4B-00C04F79EFBC}") = "Catalog.API", "Services\Catalog\Catalog.API\Catalog.API.csproj", "{E07D57FE-CD71-418A-B120-5E1F1F29738B}"
EndProject
Project("{2150E333-8FDC-42A3-9474-1A3956D46DE8}") = "BuildingBlocks", "BuildingBlocks", "{E53634DF-30F9-40F9-AB8B-5A0E0A251F17}"
EndProject
Project("{FAE04EC0-301F-11D3-BF4B-00C04F79EFBC}") = "BuildingBlocks", "BuildingBlocks\BuildingBlocks\BuildingBlocks.csproj", "{EB595015-8E73-4FB2-BBDC-92C564653F2B}"
EndProject
Project("{2150E333-8FDC-42A3-9474-1A3956D46DE8}") = "Solution Items", "Solution Items", "{20C8F8E1-35CF-4F5B-B1C9-D680848D0427}"
EndProject
Project("{E53339B2-1760-4266-BCC7-CA923CBCF16C}") = "docker-compose", "docker-compose.dcproj", "{81DDED9D-158B-E303-5F62-77A2896D2A5A}"
EndProject
Project("{2150E333-8FDC-42A3-9474-1A3956D46DE8}") = "Basket", "Basket", "{31878657-411E-42DA-B218-0E4A33227086}"
EndProject
Project("{FAE04EC0-301F-11D3-BF4B-00C04F79EFBC}") = "Basket.API", "Services\Basket\Basket.API\Basket.API.csproj", "{C8A1C126-4E73-4462-A565-9AF34B193262}"
EndProject
Project("{2150E333-8FDC-42A3-9474-1A3956D46DE8}") = "Discount", "Discount", "{B1036497-38EA-4E7C-89CA-5F70C293BAA0}"
EndProject
Project("{FAE04EC0-301F-11D3-BF4B-00C04F79EFBC}") = "Discount.Grpc", "Services\Discount\Discount.Grpc\Discount.Grpc.csproj", "{6D299531-9304-4E51-9D4D-BD0B09A8AC43}"
EndProject
Global
	GlobalSection(SolutionConfigurationPlatforms) = preSolution
		Debug|Any CPU = Debug|Any CPU
		Release|Any CPU = Release|Any CPU
	EndGlobalSection
	GlobalSection(ProjectConfigurationPlatforms) = postSolution
		{E07D57FE-CD71-418A-B120-5E1F1F29738B}.Debug|Any CPU.ActiveCfg = Debug|Any CPU
		{E07D57FE-CD71-418A-B120-5E1F1F29738B}.Debug|Any CPU.Build.0 = Debug|Any CPU
		{E07D57FE-CD71-418A-B120-5E1F1F29738B}.Release|Any CPU.ActiveCfg = Release|Any CPU
		{E07D57FE-CD71-418A-B120-5E1F1F29738B}.Release|Any CPU.Build.0 = Release|Any CPU
		{EB595015-8E73-4FB2-BBDC-92C564653F2B}.Debug|Any CPU.ActiveCfg = Debug|Any CPU
		{EB595015-8E73-4FB2-BBDC-92C564653F2B}.Debug|Any CPU.Build.0 = Debug|Any CPU
		{EB595015-8E73-4FB2-BBDC-92C564653F2B}.Release|Any CPU.ActiveCfg = Release|Any CPU
		{EB595015-8E73-4FB2-BBDC-92C564653F2B}.Release|Any CPU.Build.0 = Release|Any CPU
		{81DDED9D-158B-E303-5F62-77A2896D2A5A}.Debug|Any CPU.ActiveCfg = Debug|Any CPU
		{81DDED9D-158B-E303-5F62-77A2896D2A5A}.Debug|Any CPU.Build.0 = Debug|Any CPU
		{81DDED9D-158B-E303-5F62-77A2896D2A5A}.Release|Any CPU.ActiveCfg = Release|Any CPU
		{81DDED9D-158B-E303-5F62-77A2896D2A5A}.Release|Any CPU.Build.0 = Release|Any CPU
		{C8A1C126-4E73-4462-A565-9AF34B193262}.Debug|Any CPU.ActiveCfg = Debug|Any CPU
		{C8A1C126-4E73-4462-A565-9AF34B193262}.Debug|Any CPU.Build.0 = Debug|Any CPU
		{C8A1C126-4E73-4462-A565-9AF34B193262}.Release|Any CPU.ActiveCfg = Release|Any CPU
		{C8A1C126-4E73-4462-A565-9AF34B193262}.Release|Any CPU.Build.0 = Release|Any CPU
		{6D299531-9304-4E51-9D4D-BD0B09A8AC43}.Debug|Any CPU.ActiveCfg = Debug|Any CPU
		{6D299531-9304-4E51-9D4D-BD0B09A8AC43}.Debug|Any CPU.Build.0 = Debug|Any CPU
		{6D299531-9304-4E51-9D4D-BD0B09A8AC43}.Release|Any CPU.ActiveCfg = Release|Any CPU
		{6D299531-9304-4E51-9D4D-BD0B09A8AC43}.Release|Any CPU.Build.0 = Release|Any CPU
	EndGlobalSection
	GlobalSection(SolutionProperties) = preSolution
		HideSolutionNode = FALSE
	EndGlobalSection
	GlobalSection(NestedProjects) = preSolution
		{5C0FE53C-558D-4330-8BBF-B2C19DDB0CAC} = {FEDA8E3C-A4B9-4DF8-94E0-29DB25317E22}
		{E07D57FE-CD71-418A-B120-5E1F1F29738B} = {5C0FE53C-558D-4330-8BBF-B2C19DDB0CAC}
		{EB595015-8E73-4FB2-BBDC-92C564653F2B} = {E53634DF-30F9-40F9-AB8B-5A0E0A251F17}
		{31878657-411E-42DA-B218-0E4A33227086} = {FEDA8E3C-A4B9-4DF8-94E0-29DB25317E22}
		{C8A1C126-4E73-4462-A565-9AF34B193262} = {31878657-411E-42DA-B218-0E4A33227086}
		{B1036497-38EA-4E7C-89CA-5F70C293BAA0} = {FEDA8E3C-A4B9-4DF8-94E0-29DB25317E22}
		{6D299531-9304-4E51-9D4D-BD0B09A8AC43} = {B1036497-38EA-4E7C-89CA-5F70C293BAA0}
	EndGlobalSection
	GlobalSection(ExtensibilityGlobals) = postSolution
		SolutionGuid = {590B6481-64B4-4D88-85ED-6A9913344575}
	EndGlobalSection
EndGlobal
